{
  "originHash" : "59afcedbc1016ee59b014614bcc4bc255b26c926d99e8919e009320cf1df6c1f",
  "pins" : [
    {
      "identity" : "swift-algorithms",
      "kind" : "remoteSourceControl",
      "location" : "https://github.com/apple/swift-algorithms.git",
      "state" : {
        "revision" : "87e50f483c54e6efd60e885f7f5aa946cee68023",
        "version" : "1.2.1"
      }
    },
    {
      "identity" : "swift-numerics",
      "kind" : "remoteSourceControl",
      "location" : "https://github.com/apple/swift-numerics.git",
      "state" : {
        "revision" : "0c0290ff6b24942dadb83a929ffaaa1481df04a2",
        "version" : "1.1.1"
      }
    },
    {
      "identity" : "swiftwhisper",
      "kind" : "remoteSourceControl",
      "location" : "https://github.com/exPHAT/SwiftWhisper.git",
      "state" : {
        "revision" : "a192004db08de7c6eaa169eede77f1625e7d23fb",
        "version" : "1.2.0"
      }
    }
  ],
  "version" : 3
}
